
Microsoft Visual Studio Solution File, Format Version 12.00
# Visual Studio 15
VisualStudioVersion = 15.0.27130.2010
MinimumVisualStudioVersion = 10.0.40219.1
Project("{8BC9CEB8-8B4A-11D0-8D11-00A0C91BC942}") = "EndPointController", "EndPointController\EndPointController.vcxproj", "{CA6EA9FE-B049-490C-9203-E65DD13188C7}"
EndProject
Project("{FAE04EC0-301F-11D3-BF4B-00C04F79EFBC}") = "AESwitcher", "AESwitcher\AESwitcher.csproj", "{698F8966-6D5A-447A-9DC9-4186996F0CD8}"
	ProjectSection(ProjectDependencies) = postProject
		{CA6EA9FE-B049-490C-9203-E65DD13188C7} = {CA6EA9FE-B049-490C-9203-E65DD13188C7}
	EndProjectSection
EndProject
Project("{2150E333-8FDC-42A3-9474-1A3956D46DE8}") = "Solution Items", "Solution Items", "{9BAEEC89-A3D2-44B6-83B2-D9B4FF775B19}"
	ProjectSection(SolutionItems) = preProject
		README.md = README.md
	EndProjectSection
EndProject
Global
	GlobalSection(SolutionConfigurationPlatforms) = preSolution
		Debug|Any CPU = Debug|Any CPU
		Debug|x86 = Debug|x86
		Release|Any CPU = Release|Any CPU
		Release|x86 = Release|x86
	EndGlobalSection
	GlobalSection(ProjectConfigurationPlatforms) = postSolution
		{CA6EA9FE-B049-490C-9203-E65DD13188C7}.Debug|Any CPU.ActiveCfg = Debug|Win32
		{CA6EA9FE-B049-490C-9203-E65DD13188C7}.Debug|x86.ActiveCfg = Debug|Win32
		{CA6EA9FE-B049-490C-9203-E65DD13188C7}.Debug|x86.Build.0 = Debug|Win32
		{CA6EA9FE-B049-490C-9203-E65DD13188C7}.Release|Any CPU.ActiveCfg = Release|Win32
		{CA6EA9FE-B049-490C-9203-E65DD13188C7}.Release|x86.ActiveCfg = Release|Win32
		{CA6EA9FE-B049-490C-9203-E65DD13188C7}.Release|x86.Build.0 = Release|Win32
		{698F8966-6D5A-447A-9DC9-4186996F0CD8}.Debug|Any CPU.ActiveCfg = Debug|Any CPU
		{698F8966-6D5A-447A-9DC9-4186996F0CD8}.Debug|Any CPU.Build.0 = Debug|Any CPU
		{698F8966-6D5A-447A-9DC9-4186996F0CD8}.Debug|x86.ActiveCfg = Debug|Any CPU
		{698F8966-6D5A-447A-9DC9-4186996F0CD8}.Debug|x86.Build.0 = Debug|Any CPU
		{698F8966-6D5A-447A-9DC9-4186996F0CD8}.Release|Any CPU.ActiveCfg = Release|Any CPU
		{698F8966-6D5A-447A-9DC9-4186996F0CD8}.Release|Any CPU.Build.0 = Release|Any CPU
		{698F8966-6D5A-447A-9DC9-4186996F0CD8}.Release|x86.ActiveCfg = Release|Any CPU
		{698F8966-6D5A-447A-9DC9-4186996F0CD8}.Release|x86.Build.0 = Release|Any CPU
	EndGlobalSection
	GlobalSection(SolutionProperties) = preSolution
		HideSolutionNode = FALSE
	EndGlobalSection
	GlobalSection(ExtensibilityGlobals) = postSolution
		SolutionGuid = {65241F02-AAEB-429A-82A7-E078B6138839}
	EndGlobalSection
EndGlobal
